
Microsoft Visual Studio Solution File, Format Version 12.00
# Visual Studio Version 16
VisualStudioVersion = 16.0.31025.194
MinimumVisualStudioVersion = 10.0.40219.1
Project("{FAE04EC0-301F-11D3-BF4B-00C04F79EFBC}") = "Exercise", "Exercise\Exercise.csproj", "{33A95CA7-F31A-4216-BD3A-9837D558A5BA}"
EndProject
Global
	GlobalSection(SolutionConfigurationPlatforms) = preSolution
		Debug|Any CPU = Debug|Any CPU
		Release|Any CPU = Release|Any CPU
	EndGlobalSection
	GlobalSection(ProjectConfigurationPlatforms) = postSolution
		{33A95CA7-F31A-4216-BD3A-9837D558A5BA}.Debug|Any CPU.ActiveCfg = Debug|Any CPU
		{33A95CA7-F31A-4216-BD3A-9837D558A5BA}.Debug|Any CPU.Build.0 = Debug|Any CPU
		{33A95CA7-F31A-4216-BD3A-9837D558A5BA}.Release|Any CPU.ActiveCfg = Release|Any CPU
		{33A95CA7-F31A-4216-BD3A-9837D558A5BA}.Release|Any CPU.Build.0 = Release|Any CPU
	EndGlobalSection
	GlobalSection(SolutionProperties) = preSolution
		HideSolutionNode = FALSE
	EndGlobalSection
	GlobalSection(ExtensibilityGlobals) = postSolution
		SolutionGuid = {C777D9CF-3A21-42AA-9507-F5D5CD7CBBB2}
	EndGlobalSection
EndGlobal
